
Microsoft Visual Studio Solution File, Format Version 12.00
# Visual Studio 15
VisualStudioVersion = 15.0.28010.2036
MinimumVisualStudioVersion = 10.0.40219.1
Project("{FAE04EC0-301F-11D3-BF4B-00C04F79EFBC}") = "LibraryApp.Api", "LibraryApp.Api\LibraryApp.Api.csproj", "{96035EAE-9495-444F-B385-26973FC3817D}"
EndProject
Global
	GlobalSection(SolutionConfigurationPlatforms) = preSolution
		Debug|Any CPU = Debug|Any CPU
		Release|Any CPU = Release|Any CPU
	EndGlobalSection
	GlobalSection(ProjectConfigurationPlatforms) = postSolution
		{96035EAE-9495-444F-B385-26973FC3817D}.Debug|Any CPU.ActiveCfg = Debug|Any CPU
		{96035EAE-9495-444F-B385-26973FC3817D}.Debug|Any CPU.Build.0 = Debug|Any CPU
		{96035EAE-9495-444F-B385-26973FC3817D}.Release|Any CPU.ActiveCfg = Release|Any CPU
		{96035EAE-9495-444F-B385-26973FC3817D}.Release|Any CPU.Build.0 = Release|Any CPU
	EndGlobalSection
	GlobalSection(SolutionProperties) = preSolution
		HideSolutionNode = FALSE
	EndGlobalSection
	GlobalSection(ExtensibilityGlobals) = postSolution
		SolutionGuid = {26397CAB-C532-4F0B-BC0A-550BC3387742}
	EndGlobalSection
EndGlobal
